
Microsoft Visual Studio Solution File, Format Version 12.00
# Visual Studio Version 17
VisualStudioVersion = 17.14.36811.4 d17.14
MinimumVisualStudioVersion = 10.0.40219.1
Project("{FAE04EC0-301F-11D3-BF4B-00C04F79EFBC}") = "TicTacToe", "TicTacToe.csproj", "{EB556BC4-8E1C-4BAA-B223-E2F28BD72467}"
EndProject
Project("{FAE04EC0-301F-11D3-BF4B-00C04F79EFBC}") = "WinFormsApp1", "..\WinFormsApp1\WinFormsApp1.csproj", "{7A4B3ACA-705D-42A0-8F7A-6E08806CF03F}"
EndProject
Project("{FAE04EC0-301F-11D3-BF4B-00C04F79EFBC}") = "TestProject1", "..\TestProject1\TestProject1.csproj", "{92E8F5A2-655D-40EA-A501-2A91FFE5B2A8}"
EndProject
Global
	GlobalSection(SolutionConfigurationPlatforms) = preSolution
		Debug|Any CPU = Debug|Any CPU
		Release|Any CPU = Release|Any CPU
	EndGlobalSection
	GlobalSection(ProjectConfigurationPlatforms) = postSolution
		{EB556BC4-8E1C-4BAA-B223-E2F28BD72467}.Debug|Any CPU.ActiveCfg = Debug|Any CPU
		{EB556BC4-8E1C-4BAA-B223-E2F28BD72467}.Debug|Any CPU.Build.0 = Debug|Any CPU
		{EB556BC4-8E1C-4BAA-B223-E2F28BD72467}.Release|Any CPU.ActiveCfg = Release|Any CPU
		{EB556BC4-8E1C-4BAA-B223-E2F28BD72467}.Release|Any CPU.Build.0 = Release|Any CPU
		{7A4B3ACA-705D-42A0-8F7A-6E08806CF03F}.Debug|Any CPU.ActiveCfg = Debug|Any CPU
		{7A4B3ACA-705D-42A0-8F7A-6E08806CF03F}.Debug|Any CPU.Build.0 = Debug|Any CPU
		{7A4B3ACA-705D-42A0-8F7A-6E08806CF03F}.Release|Any CPU.ActiveCfg = Release|Any CPU
		{7A4B3ACA-705D-42A0-8F7A-6E08806CF03F}.Release|Any CPU.Build.0 = Release|Any CPU
		{92E8F5A2-655D-40EA-A501-2A91FFE5B2A8}.Debug|Any CPU.ActiveCfg = Debug|Any CPU
		{92E8F5A2-655D-40EA-A501-2A91FFE5B2A8}.Debug|Any CPU.Build.0 = Debug|Any CPU
		{92E8F5A2-655D-40EA-A501-2A91FFE5B2A8}.Release|Any CPU.ActiveCfg = Release|Any CPU
		{92E8F5A2-655D-40EA-A501-2A91FFE5B2A8}.Release|Any CPU.Build.0 = Release|Any CPU
	EndGlobalSection
	GlobalSection(SolutionProperties) = preSolution
		HideSolutionNode = FALSE
	EndGlobalSection
	GlobalSection(ExtensibilityGlobals) = postSolution
		SolutionGuid = {76D5AEE3-6702-4825-B969-347985580C23}
	EndGlobalSection
EndGlobal
